
Microsoft Visual Studio Solution File, Format Version 12.00
# Visual Studio Version 16
VisualStudioVersion = 16.0.30929.13
MinimumVisualStudioVersion = 15.0.26124.0
Global
	GlobalSection(SolutionProperties) = preSolution
		HideSolutionNode = FALSE
	EndGlobalSection
	GlobalSection(ExtensibilityGlobals) = postSolution
		SolutionGuid = {3CA7A06A-CBE8-4C18-89F8-788A33BE0C53}
	EndGlobalSection
EndGlobal
